
Microsoft Visual Studio Solution File, Format Version 12.00
# Visual Studio 15
VisualStudioVersion = 15.0.27428.2037
MinimumVisualStudioVersion = 10.0.40219.1
Project("{FAE04EC0-301F-11D3-BF4B-00C04F79EFBC}") = "SortingLibrary", "SortingLibrary\SortingLibrary.csproj", "{8859E99F-B388-4773-8E13-632924F1F9F8}"
EndProject
Project("{FAE04EC0-301F-11D3-BF4B-00C04F79EFBC}") = "SortingLibraryTests", "SortingLibraryTests\SortingLibraryTests.csproj", "{D1A6511B-DB9D-4F7B-9AC8-B5F5CB8A6308}"
EndProject
Global
	GlobalSection(SolutionConfigurationPlatforms) = preSolution
		Debug|Any CPU = Debug|Any CPU
		Debug|ARM = Debug|ARM
		Debug|x64 = Debug|x64
		Debug|x86 = Debug|x86
		Release|Any CPU = Release|Any CPU
		Release|ARM = Release|ARM
		Release|x64 = Release|x64
		Release|x86 = Release|x86
	EndGlobalSection
	GlobalSection(ProjectConfigurationPlatforms) = postSolution
		{8859E99F-B388-4773-8E13-632924F1F9F8}.Debug|Any CPU.ActiveCfg = Debug|Any CPU
		{8859E99F-B388-4773-8E13-632924F1F9F8}.Debug|Any CPU.Build.0 = Debug|Any CPU
		{8859E99F-B388-4773-8E13-632924F1F9F8}.Debug|ARM.ActiveCfg = Debug|Any CPU
		{8859E99F-B388-4773-8E13-632924F1F9F8}.Debug|ARM.Build.0 = Debug|Any CPU
		{8859E99F-B388-4773-8E13-632924F1F9F8}.Debug|x64.ActiveCfg = Debug|Any CPU
		{8859E99F-B388-4773-8E13-632924F1F9F8}.Debug|x64.Build.0 = Debug|Any CPU
		{8859E99F-B388-4773-8E13-632924F1F9F8}.Debug|x86.ActiveCfg = Debug|Any CPU
		{8859E99F-B388-4773-8E13-632924F1F9F8}.Debug|x86.Build.0 = Debug|Any CPU
		{8859E99F-B388-4773-8E13-632924F1F9F8}.Release|Any CPU.ActiveCfg = Release|Any CPU
		{8859E99F-B388-4773-8E13-632924F1F9F8}.Release|Any CPU.Build.0 = Release|Any CPU
		{8859E99F-B388-4773-8E13-632924F1F9F8}.Release|ARM.ActiveCfg = Release|Any CPU
		{8859E99F-B388-4773-8E13-632924F1F9F8}.Release|ARM.Build.0 = Release|Any CPU
		{8859E99F-B388-4773-8E13-632924F1F9F8}.Release|x64.ActiveCfg = Release|Any CPU
		{8859E99F-B388-4773-8E13-632924F1F9F8}.Release|x64.Build.0 = Release|Any CPU
		{8859E99F-B388-4773-8E13-632924F1F9F8}.Release|x86.ActiveCfg = Release|Any CPU
		{8859E99F-B388-4773-8E13-632924F1F9F8}.Release|x86.Build.0 = Release|Any CPU
		{D1A6511B-DB9D-4F7B-9AC8-B5F5CB8A6308}.Debug|Any CPU.ActiveCfg = Debug|Any CPU
		{D1A6511B-DB9D-4F7B-9AC8-B5F5CB8A6308}.Debug|Any CPU.Build.0 = Debug|Any CPU
		{D1A6511B-DB9D-4F7B-9AC8-B5F5CB8A6308}.Debug|ARM.ActiveCfg = Debug|Any CPU
		{D1A6511B-DB9D-4F7B-9AC8-B5F5CB8A6308}.Debug|ARM.Build.0 = Debug|Any CPU
		{D1A6511B-DB9D-4F7B-9AC8-B5F5CB8A6308}.Debug|x64.ActiveCfg = Debug|Any CPU
		{D1A6511B-DB9D-4F7B-9AC8-B5F5CB8A6308}.Debug|x64.Build.0 = Debug|Any CPU
		{D1A6511B-DB9D-4F7B-9AC8-B5F5CB8A6308}.Debug|x86.ActiveCfg = Debug|Any CPU
		{D1A6511B-DB9D-4F7B-9AC8-B5F5CB8A6308}.Debug|x86.Build.0 = Debug|Any CPU
		{D1A6511B-DB9D-4F7B-9AC8-B5F5CB8A6308}.Release|Any CPU.ActiveCfg = Release|Any CPU
		{D1A6511B-DB9D-4F7B-9AC8-B5F5CB8A6308}.Release|Any CPU.Build.0 = Release|Any CPU
		{D1A6511B-DB9D-4F7B-9AC8-B5F5CB8A6308}.Release|ARM.ActiveCfg = Release|Any CPU
		{D1A6511B-DB9D-4F7B-9AC8-B5F5CB8A6308}.Release|ARM.Build.0 = Release|Any CPU
		{D1A6511B-DB9D-4F7B-9AC8-B5F5CB8A6308}.Release|x64.ActiveCfg = Release|Any CPU
		{D1A6511B-DB9D-4F7B-9AC8-B5F5CB8A6308}.Release|x64.Build.0 = Release|Any CPU
		{D1A6511B-DB9D-4F7B-9AC8-B5F5CB8A6308}.Release|x86.ActiveCfg = Release|Any CPU
		{D1A6511B-DB9D-4F7B-9AC8-B5F5CB8A6308}.Release|x86.Build.0 = Release|Any CPU
	EndGlobalSection
	GlobalSection(SolutionProperties) = preSolution
		HideSolutionNode = FALSE
	EndGlobalSection
	GlobalSection(ExtensibilityGlobals) = postSolution
		SolutionGuid = {F2A4B61B-D773-47AE-AC8B-3CA98E865419}
	EndGlobalSection
EndGlobal
